# THIS IS AN AUTOGENERATED FILE. DO NOT EDIT THIS FILE DIRECTLY.
# yarn lockfile v1


"@bower_components/angular-animate@angular/bower-angular-animate#1.7.5":
  version "1.7.5"
  resolved "https://codeload.github.com/angular/bower-angular-animate/tar.gz/8f4f824c0554993737ea6ae7860eac1a4f28ac3c"

"@bower_components/angular-bootstrap@angular-ui/bootstrap-bower#2.5":
  version "2.5.0"
  resolved "https://codeload.github.com/angular-ui/bootstrap-bower/tar.gz/752d6a79f500391a7efb06d80f37405c920a6f2b"

"@bower_components/angular-resource@angular/bower-angular-resource#1.7.5":
  version "1.7.5"
  resolved "https://codeload.github.com/angular/bower-angular-resource/tar.gz/562224d23ddff7168c4ca6fe758953a18a4d8acf"

"@bower_components/angular-route@angular/bower-angular-route#1.7.5":
  version "1.7.5"
  resolved "https://codeload.github.com/angular/bower-angular-route/tar.gz/9e67e2e78a323ae5a95c93098aae5aaf3238763c"

"@bower_components/angular-sanitize@angular/bower-angular-sanitize#1.7.5":
  version "1.7.5"
  resolved "https://codeload.github.com/angular/bower-angular-sanitize/tar.gz/2a7e7b27fc334c7e19278fab1f460e0c56676673"

"@bower_components/angular@angular/bower-angular#1.7.5":
  version "1.7.5"
  resolved "https://codeload.github.com/angular/bower-angular/tar.gz/a3f5186cd6cd26db5bfe40f08b0c872bd38f446e"

"@bower_components/bootstrap@twbs/bootstrap#3.3.7":
  version "3.3.7"
  resolved "https://codeload.github.com/twbs/bootstrap/tar.gz/0b9c4a4007c44201dce9a6cc1a38407005c26c86"

"@bower_components/chance@victorquinn/chancejs#^1.0.4":
  version "1.1.1"
  resolved "https://codeload.github.com/victorquinn/chancejs/tar.gz/be229ae9f64388ee608fac20972a8abbb96aeca2"

"@bower_components/checklist-model@vitalets/checklist-model#1.0.0":
  version "1.0.0"
  resolved "https://codeload.github.com/vitalets/checklist-model/tar.gz/96b4187da15e2e08a9a9a5ae6b5ed36f51bcee8a"

"@bower_components/datatables.net-dt@DataTables/Dist-DataTables-DataTables#^3.2.2":
  version "3.2.2"
  resolved "https://codeload.github.com/DataTables/Dist-DataTables-DataTables/tar.gz/6dc8eccf208cd4b5e5f450d9eb23674915c035e6"
  dependencies:
    datatables.net ">=1.10.9"
    jquery ">=1.7"

"@bower_components/datatables.net@DataTables/Dist-DataTables#^1.10.19":
  version "1.10.20"
  resolved "https://codeload.github.com/DataTables/Dist-DataTables/tar.gz/6a19cfa848276d6d8e943fa80b35585e8bf367d2"
  dependencies:
    jquery ">=1.7"

"@bower_components/desandro-matches-selector@desandro/matches-selector#^2.0.0":
  version "2.0.2"
  resolved "https://codeload.github.com/desandro/matches-selector/tar.gz/42ee1cbab7469454d140bdab04d2ceed9c68b85e"

"@bower_components/ev-emitter@metafizzy/ev-emitter#^1.0.0":
  version "1.1.1"
  resolved "https://codeload.github.com/metafizzy/ev-emitter/tar.gz/1baa3a03d8e07f665b0eb797661fcc2b0d2a5736"

"@bower_components/fizzy-ui-utils@metafizzy/fizzy-ui-utils#^2.0.0":
  version "2.0.7"
  resolved "https://codeload.github.com/metafizzy/fizzy-ui-utils/tar.gz/72feb9fc3d6de25696291941121bb3ec2db8221e"
  dependencies:
    desandro-matches-selector "^2.0.0"

"@bower_components/font-awesome@FortAwesome/Font-Awesome#^5.5.0":
  version "0.0.0"
  resolved "https://codeload.github.com/FortAwesome/Font-Awesome/tar.gz/1c1b102b2ba19518d77e60e97cf1b4ebf133bba0"

"@bower_components/get-size@desandro/get-size#^2.0.2":
  version "2.0.3"
  resolved "https://codeload.github.com/desandro/get-size/tar.gz/6879e7f15b4b6e19ca392b6955edfa8d4aa6f787"

"@bower_components/jquery@jquery/jquery-dist#3.3.1":
  version "3.3.1"
  resolved "https://codeload.github.com/jquery/jquery-dist/tar.gz/9e8ec3d10fad04748176144f108d7355662ae75e"

"@bower_components/masonry@desandro/masonry#^4.1.1":
  version "4.2.2"
  resolved "https://codeload.github.com/desandro/masonry/tar.gz/3b0883cf4a4a046896719b9cf282ea74be7ffecd"
  dependencies:
    get-size "^2.0.2"
    outlayer "^2.1.0"

"@bower_components/outlayer@metafizzy/outlayer#^2.1.0":
  version "2.1.1"
  resolved "https://codeload.github.com/metafizzy/outlayer/tar.gz/bf31c5748bf84fcc2c553d1199a6ecaf0ebd9878"
  dependencies:
    ev-emitter "^1.0.0"
    fizzy-ui-utils "^2.0.0"
    get-size "^2.0.2"

"@bower_components/svg-pan-zoom@ariutta/svg-pan-zoom#^3.3.0":
  version "3.6.1"
  resolved "https://codeload.github.com/ariutta/svg-pan-zoom/tar.gz/31e763aa8e011693cf6086a357011825168b897d"

"@bower_components/sweetalert2@sweetalert2/sweetalert2#^7.29.0":
  version "7.33.1"
  resolved "https://codeload.github.com/sweetalert2/sweetalert2/tar.gz/296862833b24e446c7bda35f040712840911cc7a"

datatables.net@>=1.10.9:
  version "1.10.20"
  resolved "https://registry.yarnpkg.com/datatables.net/-/datatables.net-1.10.20.tgz#9d65ecc3c83cbe7baa4fa5a053405c8fe42c1350"
  integrity sha512-4E4S7tTU607N3h0fZPkGmAtr9mwy462u+VJ6gxYZ8MxcRIjZqHy3Dv1GNry7i3zQCktTdWbULVKBbkAJkuHEnQ==
  dependencies:
    jquery ">=1.7"

desandro-matches-selector@^2.0.0:
  version "2.0.2"
  resolved "https://registry.yarnpkg.com/desandro-matches-selector/-/desandro-matches-selector-2.0.2.tgz#717beed4dc13e7d8f3762f707a6d58a6774218e1"
  integrity sha1-cXvu1NwT59jzdi9wem1YpndCGOE=

ev-emitter@^1.0.0:
  version "1.1.1"
  resolved "https://registry.yarnpkg.com/ev-emitter/-/ev-emitter-1.1.1.tgz#8f18b0ce5c76a5d18017f71c0a795c65b9138f2a"
  integrity sha512-ipiDYhdQSCZ4hSbX4rMW+XzNKMD1prg/sTvoVmSLkuQ1MVlwjJQQA+sW8tMYR3BLUr9KjodFV4pvzunvRhd33Q==

fizzy-ui-utils@^2.0.0:
  version "2.0.7"
  resolved "https://registry.yarnpkg.com/fizzy-ui-utils/-/fizzy-ui-utils-2.0.7.tgz#7df45dcc4eb374a08b65d39bb9a4beedf7330505"
  integrity sha512-CZXDVXQ1If3/r8s0T+v+qVeMshhfcuq0rqIFgJnrtd+Bu8GmDmqMjntjUePypVtjHXKJ6V4sw9zeyox34n9aCg==
  dependencies:
    desandro-matches-selector "^2.0.0"

get-size@^2.0.2:
  version "2.0.3"
  resolved "https://registry.yarnpkg.com/get-size/-/get-size-2.0.3.tgz#54a1d0256b20ea7ac646516756202769941ad2ef"
  integrity sha512-lXNzT/h/dTjTxRbm9BXb+SGxxzkm97h/PCIKtlN/CBCxxmkkIVV21udumMS93MuVTDX583gqc94v3RjuHmI+2Q==

jquery@>=1.7:
  version "3.4.1"
  resolved "https://registry.yarnpkg.com/jquery/-/jquery-3.4.1.tgz#714f1f8d9dde4bdfa55764ba37ef214630d80ef2"
  integrity sha512-36+AdBzCL+y6qjw5Tx7HgzeGCzC81MDDgaUP8ld2zhx58HdqXGoBd+tHdrBMiyjGQs0Hxs/MLZTu/eHNJJuWPw==

outlayer@^2.1.0:
  version "2.1.1"
  resolved "https://registry.yarnpkg.com/outlayer/-/outlayer-2.1.1.tgz#29863b6de10ea5dadfffcadfa0d728907387e9a2"
  integrity sha1-KYY7beEOpdrf/8rfoNcokHOH6aI=
  dependencies:
    ev-emitter "^1.0.0"
    fizzy-ui-utils "^2.0.0"
    get-size "^2.0.2"
